
Microsoft Visual Studio Solution File, Format Version 12.00
# Visual Studio Version 17
VisualStudioVersion = 17.8.34525.116
MinimumVisualStudioVersion = 10.0.40219.1
Project("{9A19103F-16F7-4668-BE54-9A1E7A4F7556}") = "MauiApp1", "MauiApp1\MauiApp1.csproj", "{5C65FC85-0CFB-4966-9B82-548D66AA7B3A}"
EndProject
Project("{FAE04EC0-301F-11D3-BF4B-00C04F79EFBC}") = "UnitTestProject", "UnitTestProject\UnitTestProject.csproj", "{F36E3450-71F6-41C3-AFE9-DDCCA856C937}"
EndProject
Global
	GlobalSection(SolutionConfigurationPlatforms) = preSolution
		Debug|Any CPU = Debug|Any CPU
		Release|Any CPU = Release|Any CPU
	EndGlobalSection
	GlobalSection(ProjectConfigurationPlatforms) = postSolution
		{5C65FC85-0CFB-4966-9B82-548D66AA7B3A}.Debug|Any CPU.ActiveCfg = Debug|Any CPU
		{5C65FC85-0CFB-4966-9B82-548D66AA7B3A}.Debug|Any CPU.Build.0 = Debug|Any CPU
		{5C65FC85-0CFB-4966-9B82-548D66AA7B3A}.Debug|Any CPU.Deploy.0 = Debug|Any CPU
		{5C65FC85-0CFB-4966-9B82-548D66AA7B3A}.Release|Any CPU.ActiveCfg = Release|Any CPU
		{5C65FC85-0CFB-4966-9B82-548D66AA7B3A}.Release|Any CPU.Build.0 = Release|Any CPU
		{5C65FC85-0CFB-4966-9B82-548D66AA7B3A}.Release|Any CPU.Deploy.0 = Release|Any CPU
		{F36E3450-71F6-41C3-AFE9-DDCCA856C937}.Debug|Any CPU.ActiveCfg = Debug|Any CPU
		{F36E3450-71F6-41C3-AFE9-DDCCA856C937}.Debug|Any CPU.Build.0 = Debug|Any CPU
		{F36E3450-71F6-41C3-AFE9-DDCCA856C937}.Release|Any CPU.ActiveCfg = Release|Any CPU
		{F36E3450-71F6-41C3-AFE9-DDCCA856C937}.Release|Any CPU.Build.0 = Release|Any CPU
	EndGlobalSection
	GlobalSection(SolutionProperties) = preSolution
		HideSolutionNode = FALSE
	EndGlobalSection
	GlobalSection(ExtensibilityGlobals) = postSolution
		SolutionGuid = {AAF1EAB5-BF56-492D-9C0D-5F745D5D46B8}
	EndGlobalSection
EndGlobal
